
Microsoft Visual Studio Solution File, Format Version 12.00
# Visual Studio Version 16
VisualStudioVersion = 16.0.30413.136
MinimumVisualStudioVersion = 10.0.40219.1
Project("{FAE04EC0-301F-11D3-BF4B-00C04F79EFBC}") = "RazorPagesMovie", "RazorPagesMovie.csproj", "{DDB4527B-35FD-464E-A451-717B42F69B40}"
EndProject
Global
	GlobalSection(SolutionConfigurationPlatforms) = preSolution
		Debug|Any CPU = Debug|Any CPU
		Release|Any CPU = Release|Any CPU
	EndGlobalSection
	GlobalSection(ProjectConfigurationPlatforms) = postSolution
		{DDB4527B-35FD-464E-A451-717B42F69B40}.Debug|Any CPU.ActiveCfg = Debug|Any CPU
		{DDB4527B-35FD-464E-A451-717B42F69B40}.Debug|Any CPU.Build.0 = Debug|Any CPU
		{DDB4527B-35FD-464E-A451-717B42F69B40}.Release|Any CPU.ActiveCfg = Release|Any CPU
		{DDB4527B-35FD-464E-A451-717B42F69B40}.Release|Any CPU.Build.0 = Release|Any CPU
	EndGlobalSection
	GlobalSection(SolutionProperties) = preSolution
		HideSolutionNode = FALSE
	EndGlobalSection
	GlobalSection(ExtensibilityGlobals) = postSolution
		SolutionGuid = {A4EDF24D-940E-4433-B50A-5001C2ABAFF8}
	EndGlobalSection
EndGlobal
